
Microsoft Visual Studio Solution File, Format Version 12.00
# Visual Studio Version 16
VisualStudioVersion = 16.0.31205.134
MinimumVisualStudioVersion = 10.0.40219.1
Project("{D954291E-2A0B-460D-934E-DC6B0785DB48}") = "BifrostRemoteDesktop.Shared", "BifrostRemoteDesktop\BifrostRemoteDesktop.Shared\BifrostRemoteDesktop.Shared.shproj", "{6279C845-92F8-4333-AB99-3D213163593C}"
EndProject
Project("{2150E333-8FDC-42A3-9474-1A3956D46DE8}") = "Platforms", "Platforms", "{038735EC-93DF-4DA5-8331-1C446C6D16F5}"
EndProject
Project("{FAE04EC0-301F-11D3-BF4B-00C04F79EFBC}") = "BifrostRemoteDesktop.Droid", "BifrostRemoteDesktop\BifrostRemoteDesktop.Droid\BifrostRemoteDesktop.Droid.csproj", "{236A22E9-4091-461B-A441-4AC21F065A77}"
EndProject
Project("{FAE04EC0-301F-11D3-BF4B-00C04F79EFBC}") = "BifrostRemoteDesktop.iOS", "BifrostRemoteDesktop\BifrostRemoteDesktop.iOS\BifrostRemoteDesktop.iOS.csproj", "{C5C42801-354E-4E27-8242-3F7680D13958}"
EndProject
Project("{FAE04EC0-301F-11D3-BF4B-00C04F79EFBC}") = "BifrostRemoteDesktop.UWP", "BifrostRemoteDesktop\BifrostRemoteDesktop.UWP\BifrostRemoteDesktop.UWP.csproj", "{301BCE3A-F5D9-4FAA-8E82-F1197E39DE50}"
EndProject
Project("{9A19103F-16F7-4668-BE54-9A1E7A4F7556}") = "BifrostRemoteDesktop.Wasm", "BifrostRemoteDesktop\BifrostRemoteDesktop.Wasm\BifrostRemoteDesktop.Wasm.csproj", "{A6334105-7AB0-49C8-BAAA-1B272F465998}"
EndProject
Project("{FAE04EC0-301F-11D3-BF4B-00C04F79EFBC}") = "BifrostRemoteDesktop.macOS", "BifrostRemoteDesktop\BifrostRemoteDesktop.macOS\BifrostRemoteDesktop.macOS.csproj", "{0A5540FA-AA9A-4ED1-BFD0-F21FB7D4D8F0}"
EndProject
Project("{9A19103F-16F7-4668-BE54-9A1E7A4F7556}") = "BifrostRemoteDesktop.Skia.Wpf.Host", "BifrostRemoteDesktop\BifrostRemoteDesktop.Skia.Wpf.Host\BifrostRemoteDesktop.Skia.Wpf.Host.csproj", "{A44279F0-7CAB-499C-A7C0-C68FD9310058}"
EndProject
Project("{9A19103F-16F7-4668-BE54-9A1E7A4F7556}") = "BifrostRemoteDesktop.Skia.Wpf", "BifrostRemoteDesktop\BifrostRemoteDesktop.Skia.Wpf\BifrostRemoteDesktop.Skia.Wpf.csproj", "{492E5F5D-CFC7-4913-8FAC-AE95F8FC24F0}"
EndProject
Project("{9A19103F-16F7-4668-BE54-9A1E7A4F7556}") = "BifrostRemoteDesktop.Skia.Gtk", "BifrostRemoteDesktop\BifrostRemoteDesktop.Skia.Gtk\BifrostRemoteDesktop.Skia.Gtk.csproj", "{490A1307-7221-4C0C-92B3-4F0FBA928143}"
EndProject
Project("{9A19103F-16F7-4668-BE54-9A1E7A4F7556}") = "BifrostRemoteDesktop.Skia.Tizen", "BifrostRemoteDesktop\BifrostRemoteDesktop.Skia.Tizen\BifrostRemoteDesktop.Skia.Tizen.csproj", "{FB330C22-7DD8-4AA9-B96F-A50FCC46630D}"
EndProject
Global
	GlobalSection(SharedMSBuildProjectFiles) = preSolution
		BifrostRemoteDesktop\BifrostRemoteDesktop.Shared\BifrostRemoteDesktop.Shared.projitems*{0a5540fa-aa9a-4ed1-bfd0-f21fb7d4d8f0}*SharedItemsImports = 4
		BifrostRemoteDesktop\BifrostRemoteDesktop.Shared\BifrostRemoteDesktop.Shared.projitems*{236a22e9-4091-461b-a441-4ac21f065a77}*SharedItemsImports = 4
		BifrostRemoteDesktop\BifrostRemoteDesktop.Shared\BifrostRemoteDesktop.Shared.projitems*{301bce3a-f5d9-4faa-8e82-f1197e39de50}*SharedItemsImports = 4
		BifrostRemoteDesktop\BifrostRemoteDesktop.Shared\BifrostRemoteDesktop.Shared.projitems*{490a1307-7221-4c0c-92b3-4f0fba928143}*SharedItemsImports = 5
		BifrostRemoteDesktop\BifrostRemoteDesktop.Shared\BifrostRemoteDesktop.Shared.projitems*{492e5f5d-cfc7-4913-8fac-ae95f8fc24f0}*SharedItemsImports = 5
		BifrostRemoteDesktop\BifrostRemoteDesktop.Shared\BifrostRemoteDesktop.Shared.projitems*{6279c845-92f8-4333-ab99-3d213163593c}*SharedItemsImports = 13
		BifrostRemoteDesktop\BifrostRemoteDesktop.Shared\BifrostRemoteDesktop.Shared.projitems*{a6334105-7ab0-49c8-baaa-1b272f465998}*SharedItemsImports = 5
		BifrostRemoteDesktop\BifrostRemoteDesktop.Shared\BifrostRemoteDesktop.Shared.projitems*{c5c42801-354e-4e27-8242-3f7680d13958}*SharedItemsImports = 4
		BifrostRemoteDesktop\BifrostRemoteDesktop.Shared\BifrostRemoteDesktop.Shared.projitems*{fb330c22-7dd8-4aa9-b96f-a50fcc46630d}*SharedItemsImports = 5
	EndGlobalSection
	GlobalSection(SolutionConfigurationPlatforms) = preSolution
		Ad-Hoc|Any CPU = Ad-Hoc|Any CPU
		Ad-Hoc|ARM = Ad-Hoc|ARM
		Ad-Hoc|ARM64 = Ad-Hoc|ARM64
		Ad-Hoc|iPhone = Ad-Hoc|iPhone
		Ad-Hoc|iPhoneSimulator = Ad-Hoc|iPhoneSimulator
		Ad-Hoc|x64 = Ad-Hoc|x64
		Ad-Hoc|x86 = Ad-Hoc|x86
		AppStore|Any CPU = AppStore|Any CPU
		AppStore|ARM = AppStore|ARM
		AppStore|ARM64 = AppStore|ARM64
		AppStore|iPhone = AppStore|iPhone
		AppStore|iPhoneSimulator = AppStore|iPhoneSimulator
		AppStore|x64 = AppStore|x64
		AppStore|x86 = AppStore|x86
		Debug|Any CPU = Debug|Any CPU
		Debug|ARM = Debug|ARM
		Debug|ARM64 = Debug|ARM64
		Debug|iPhone = Debug|iPhone
		Debug|iPhoneSimulator = Debug|iPhoneSimulator
		Debug|x64 = Debug|x64
		Debug|x86 = Debug|x86
		Release|Any CPU = Release|Any CPU
		Release|ARM = Release|ARM
		Release|ARM64 = Release|ARM64
		Release|iPhone = Release|iPhone
		Release|iPhoneSimulator = Release|iPhoneSimulator
		Release|x64 = Release|x64
		Release|x86 = Release|x86
	EndGlobalSection
	GlobalSection(ProjectConfigurationPlatforms) = postSolution
		{236A22E9-4091-461B-A441-4AC21F065A77}.Ad-Hoc|Any CPU.ActiveCfg = Debug|Any CPU
		{236A22E9-4091-461B-A441-4AC21F065A77}.Ad-Hoc|Any CPU.Build.0 = Debug|Any CPU
		{236A22E9-4091-461B-A441-4AC21F065A77}.Ad-Hoc|Any CPU.Deploy.0 = Debug|Any CPU
		{236A22E9-4091-461B-A441-4AC21F065A77}.Ad-Hoc|ARM.ActiveCfg = Debug|Any CPU
		{236A22E9-4091-461B-A441-4AC21F065A77}.Ad-Hoc|ARM.Build.0 = Debug|Any CPU
		{236A22E9-4091-461B-A441-4AC21F065A77}.Ad-Hoc|ARM.Deploy.0 = Debug|Any CPU
		{236A22E9-4091-461B-A441-4AC21F065A77}.Ad-Hoc|ARM64.ActiveCfg = Debug|Any CPU
		{236A22E9-4091-461B-A441-4AC21F065A77}.Ad-Hoc|ARM64.Build.0 = Debug|Any CPU
		{236A22E9-4091-461B-A441-4AC21F065A77}.Ad-Hoc|ARM64.Deploy.0 = Debug|Any CPU
		{236A22E9-4091-461B-A441-4AC21F065A77}.Ad-Hoc|iPhone.ActiveCfg = Debug|Any CPU
		{236A22E9-4091-461B-A441-4AC21F065A77}.Ad-Hoc|iPhone.Build.0 = Debug|Any CPU
		{236A22E9-4091-461B-A441-4AC21F065A77}.Ad-Hoc|iPhone.Deploy.0 = Debug|Any CPU
		{236A22E9-4091-461B-A441-4AC21F065A77}.Ad-Hoc|iPhoneSimulator.ActiveCfg = Debug|Any CPU
		{236A22E9-4091-461B-A441-4AC21F065A77}.Ad-Hoc|iPhoneSimulator.Build.0 = Debug|Any CPU
		{236A22E9-4091-461B-A441-4AC21F065A77}.Ad-Hoc|iPhoneSimulator.Deploy.0 = Debug|Any CPU
		{236A22E9-4091-461B-A441-4AC21F065A77}.Ad-Hoc|x64.ActiveCfg = Debug|Any CPU
		{236A22E9-4091-461B-A441-4AC21F065A77}.Ad-Hoc|x64.Build.0 = Debug|Any CPU
		{236A22E9-4091-461B-A441-4AC21F065A77}.Ad-Hoc|x64.Deploy.0 = Debug|Any CPU
		{236A22E9-4091-461B-A441-4AC21F065A77}.Ad-Hoc|x86.ActiveCfg = Debug|Any CPU
		{236A22E9-4091-461B-A441-4AC21F065A77}.Ad-Hoc|x86.Build.0 = Debug|Any CPU
		{236A22E9-4091-461B-A441-4AC21F065A77}.Ad-Hoc|x86.Deploy.0 = Debug|Any CPU
		{236A22E9-4091-461B-A441-4AC21F065A77}.AppStore|Any CPU.ActiveCfg = Debug|Any CPU
		{236A22E9-4091-461B-A441-4AC21F065A77}.AppStore|Any CPU.Build.0 = Debug|Any CPU
		{236A22E9-4091-461B-A441-4AC21F065A77}.AppStore|Any CPU.Deploy.0 = Debug|Any CPU
		{236A22E9-4091-461B-A441-4AC21F065A77}.AppStore|ARM.ActiveCfg = Debug|Any CPU
		{236A22E9-4091-461B-A441-4AC21F065A77}.AppStore|ARM.Build.0 = Debug|Any CPU
		{236A22E9-4091-461B-A441-4AC21F065A77}.AppStore|ARM.Deploy.0 = Debug|Any CPU
		{236A22E9-4091-461B-A441-4AC21F065A77}.AppStore|ARM64.ActiveCfg = Debug|Any CPU
		{236A22E9-4091-461B-A441-4AC21F065A77}.AppStore|ARM64.Build.0 = Debug|Any CPU
		{236A22E9-4091-461B-A441-4AC21F065A77}.AppStore|ARM64.Deploy.0 = Debug|Any CPU
		{236A22E9-4091-461B-A441-4AC21F065A77}.AppStore|iPhone.ActiveCfg = Debug|Any CPU
		{236A22E9-4091-461B-A441-4AC21F065A77}.AppStore|iPhone.Build.0 = Debug|Any CPU
		{236A22E9-4091-461B-A441-4AC21F065A77}.AppStore|iPhone.Deploy.0 = Debug|Any CPU
		{236A22E9-4091-461B-A441-4AC21F065A77}.AppStore|iPhoneSimulator.ActiveCfg = Debug|Any CPU
		{236A22E9-4091-461B-A441-4AC21F065A77}.AppStore|iPhoneSimulator.Build.0 = Debug|Any CPU
		{236A22E9-4091-461B-A441-4AC21F065A77}.AppStore|iPhoneSimulator.Deploy.0 = Debug|Any CPU
		{236A22E9-4091-461B-A441-4AC21F065A77}.AppStore|x64.ActiveCfg = Debug|Any CPU
		{236A22E9-4091-461B-A441-4AC21F065A77}.AppStore|x64.Build.0 = Debug|Any CPU
		{236A22E9-4091-461B-A441-4AC21F065A77}.AppStore|x64.Deploy.0 = Debug|Any CPU
		{236A22E9-4091-461B-A441-4AC21F065A77}.AppStore|x86.ActiveCfg = Debug|Any CPU
		{236A22E9-4091-461B-A441-4AC21F065A77}.AppStore|x86.Build.0 = Debug|Any CPU
		{236A22E9-4091-461B-A441-4AC21F065A77}.AppStore|x86.Deploy.0 = Debug|Any CPU
		{236A22E9-4091-461B-A441-4AC21F065A77}.Debug|Any CPU.ActiveCfg = Debug|Any CPU
		{236A22E9-4091-461B-A441-4AC21F065A77}.Debug|Any CPU.Build.0 = Debug|Any CPU
		{236A22E9-4091-461B-A441-4AC21F065A77}.Debug|Any CPU.Deploy.0 = Debug|Any CPU
		{236A22E9-4091-461B-A441-4AC21F065A77}.Debug|ARM.ActiveCfg = Debug|Any CPU
		{236A22E9-4091-461B-A441-4AC21F065A77}.Debug|ARM.Build.0 = Debug|Any CPU
		{236A22E9-4091-461B-A441-4AC21F065A77}.Debug|ARM.Deploy.0 = Debug|Any CPU
		{236A22E9-4091-461B-A441-4AC21F065A77}.Debug|ARM64.ActiveCfg = Debug|Any CPU
		{236A22E9-4091-461B-A441-4AC21F065A77}.Debug|ARM64.Build.0 = Debug|Any CPU
		{236A22E9-4091-461B-A441-4AC21F065A77}.Debug|ARM64.Deploy.0 = Debug|Any CPU
		{236A22E9-4091-461B-A441-4AC21F065A77}.Debug|iPhone.ActiveCfg = Debug|Any CPU
		{236A22E9-4091-461B-A441-4AC21F065A77}.Debug|iPhone.Build.0 = Debug|Any CPU
		{236A22E9-4091-461B-A441-4AC21F065A77}.Debug|iPhone.Deploy.0 = Debug|Any CPU
		{236A22E9-4091-461B-A441-4AC21F065A77}.Debug|iPhoneSimulator.ActiveCfg = Debug|Any CPU
		{236A22E9-4091-461B-A441-4AC21F065A77}.Debug|iPhoneSimulator.Build.0 = Debug|Any CPU
		{236A22E9-4091-461B-A441-4AC21F065A77}.Debug|iPhoneSimulator.Deploy.0 = Debug|Any CPU
		{236A22E9-4091-461B-A441-4AC21F065A77}.Debug|x64.ActiveCfg = Debug|Any CPU
		{236A22E9-4091-461B-A441-4AC21F065A77}.Debug|x64.Build.0 = Debug|Any CPU
		{236A22E9-4091-461B-A441-4AC21F065A77}.Debug|x64.Deploy.0 = Debug|Any CPU
		{236A22E9-4091-461B-A441-4AC21F065A77}.Debug|x86.ActiveCfg = Debug|Any CPU
		{236A22E9-4091-461B-A441-4AC21F065A77}.Release|Any CPU.ActiveCfg = Release|Any CPU
		{236A22E9-4091-461B-A441-4AC21F065A77}.Release|Any CPU.Build.0 = Release|Any CPU
		{236A22E9-4091-461B-A441-4AC21F065A77}.Release|Any CPU.Deploy.0 = Release|Any CPU
		{236A22E9-4091-461B-A441-4AC21F065A77}.Release|ARM.ActiveCfg = Release|Any CPU
		{236A22E9-4091-461B-A441-4AC21F065A77}.Release|ARM.Build.0 = Release|Any CPU
		{236A22E9-4091-461B-A441-4AC21F065A77}.Release|ARM.Deploy.0 = Release|Any CPU
		{236A22E9-4091-461B-A441-4AC21F065A77}.Release|ARM64.ActiveCfg = Release|Any CPU
		{236A22E9-4091-461B-A441-4AC21F065A77}.Release|ARM64.Build.0 = Release|Any CPU
		{236A22E9-4091-461B-A441-4AC21F065A77}.Release|ARM64.Deploy.0 = Release|Any CPU
		{236A22E9-4091-461B-A441-4AC21F065A77}.Release|iPhone.ActiveCfg = Release|Any CPU
		{236A22E9-4091-461B-A441-4AC21F065A77}.Release|iPhone.Build.0 = Release|Any CPU
		{236A22E9-4091-461B-A441-4AC21F065A77}.Release|iPhone.Deploy.0 = Release|Any CPU
		{236A22E9-4091-461B-A441-4AC21F065A77}.Release|iPhoneSimulator.ActiveCfg = Release|Any CPU
		{236A22E9-4091-461B-A441-4AC21F065A77}.Release|iPhoneSimulator.Build.0 = Release|Any CPU
		{236A22E9-4091-461B-A441-4AC21F065A77}.Release|iPhoneSimulator.Deploy.0 = Release|Any CPU
		{236A22E9-4091-461B-A441-4AC21F065A77}.Release|x64.ActiveCfg = Release|Any CPU
		{236A22E9-4091-461B-A441-4AC21F065A77}.Release|x64.Build.0 = Release|Any CPU
		{236A22E9-4091-461B-A441-4AC21F065A77}.Release|x64.Deploy.0 = Release|Any CPU
		{236A22E9-4091-461B-A441-4AC21F065A77}.Release|x86.ActiveCfg = Release|Any CPU
		{236A22E9-4091-461B-A441-4AC21F065A77}.Release|x86.Build.0 = Release|Any CPU
		{236A22E9-4091-461B-A441-4AC21F065A77}.Release|x86.Deploy.0 = Release|Any CPU
		{C5C42801-354E-4E27-8242-3F7680D13958}.Ad-Hoc|Any CPU.ActiveCfg = Ad-Hoc|iPhoneSimulator
		{C5C42801-354E-4E27-8242-3F7680D13958}.Ad-Hoc|ARM.ActiveCfg = Ad-Hoc|iPhoneSimulator
		{C5C42801-354E-4E27-8242-3F7680D13958}.Ad-Hoc|ARM64.ActiveCfg = Ad-Hoc|iPhoneSimulator
		{C5C42801-354E-4E27-8242-3F7680D13958}.Ad-Hoc|iPhone.ActiveCfg = Ad-Hoc|iPhone
		{C5C42801-354E-4E27-8242-3F7680D13958}.Ad-Hoc|iPhone.Build.0 = Ad-Hoc|iPhone
		{C5C42801-354E-4E27-8242-3F7680D13958}.Ad-Hoc|iPhoneSimulator.ActiveCfg = Ad-Hoc|iPhoneSimulator
		{C5C42801-354E-4E27-8242-3F7680D13958}.Ad-Hoc|iPhoneSimulator.Build.0 = Ad-Hoc|iPhoneSimulator
		{C5C42801-354E-4E27-8242-3F7680D13958}.Ad-Hoc|x64.ActiveCfg = Ad-Hoc|iPhoneSimulator
		{C5C42801-354E-4E27-8242-3F7680D13958}.Ad-Hoc|x86.ActiveCfg = Ad-Hoc|iPhoneSimulator
		{C5C42801-354E-4E27-8242-3F7680D13958}.AppStore|Any CPU.ActiveCfg = AppStore|iPhoneSimulator
		{C5C42801-354E-4E27-8242-3F7680D13958}.AppStore|ARM.ActiveCfg = AppStore|iPhoneSimulator
		{C5C42801-354E-4E27-8242-3F7680D13958}.AppStore|ARM64.ActiveCfg = AppStore|iPhoneSimulator
		{C5C42801-354E-4E27-8242-3F7680D13958}.AppStore|iPhone.ActiveCfg = AppStore|iPhone
		{C5C42801-354E-4E27-8242-3F7680D13958}.AppStore|iPhone.Build.0 = AppStore|iPhone
		{C5C42801-354E-4E27-8242-3F7680D13958}.AppStore|iPhoneSimulator.ActiveCfg = AppStore|iPhoneSimulator
		{C5C42801-354E-4E27-8242-3F7680D13958}.AppStore|iPhoneSimulator.Build.0 = AppStore|iPhoneSimulator
		{C5C42801-354E-4E27-8242-3F7680D13958}.AppStore|x64.ActiveCfg = AppStore|iPhoneSimulator
		{C5C42801-354E-4E27-8242-3F7680D13958}.AppStore|x86.ActiveCfg = AppStore|iPhoneSimulator
		{C5C42801-354E-4E27-8242-3F7680D13958}.Debug|Any CPU.ActiveCfg = Debug|iPhoneSimulator
		{C5C42801-354E-4E27-8242-3F7680D13958}.Debug|ARM.ActiveCfg = Debug|iPhoneSimulator
		{C5C42801-354E-4E27-8242-3F7680D13958}.Debug|ARM64.ActiveCfg = Debug|iPhoneSimulator
		{C5C42801-354E-4E27-8242-3F7680D13958}.Debug|iPhone.ActiveCfg = Debug|iPhone
		{C5C42801-354E-4E27-8242-3F7680D13958}.Debug|iPhone.Build.0 = Debug|iPhone
		{C5C42801-354E-4E27-8242-3F7680D13958}.Debug|iPhoneSimulator.ActiveCfg = Debug|iPhoneSimulator
		{C5C42801-354E-4E27-8242-3F7680D13958}.Debug|iPhoneSimulator.Build.0 = Debug|iPhoneSimulator
		{C5C42801-354E-4E27-8242-3F7680D13958}.Debug|x64.ActiveCfg = Debug|iPhoneSimulator
		{C5C42801-354E-4E27-8242-3F7680D13958}.Debug|x86.ActiveCfg = Debug|iPhoneSimulator
		{C5C42801-354E-4E27-8242-3F7680D13958}.Release|Any CPU.ActiveCfg = Release|iPhoneSimulator
		{C5C42801-354E-4E27-8242-3F7680D13958}.Release|ARM.ActiveCfg = Release|iPhoneSimulator
		{C5C42801-354E-4E27-8242-3F7680D13958}.Release|ARM64.ActiveCfg = Release|iPhoneSimulator
		{C5C42801-354E-4E27-8242-3F7680D13958}.Release|iPhone.ActiveCfg = Release|iPhone
		{C5C42801-354E-4E27-8242-3F7680D13958}.Release|iPhone.Build.0 = Release|iPhone
		{C5C42801-354E-4E27-8242-3F7680D13958}.Release|iPhoneSimulator.ActiveCfg = Release|iPhoneSimulator
		{C5C42801-354E-4E27-8242-3F7680D13958}.Release|iPhoneSimulator.Build.0 = Release|iPhoneSimulator
		{C5C42801-354E-4E27-8242-3F7680D13958}.Release|x64.ActiveCfg = Release|iPhoneSimulator
		{C5C42801-354E-4E27-8242-3F7680D13958}.Release|x86.ActiveCfg = Release|iPhoneSimulator
		{301BCE3A-F5D9-4FAA-8E82-F1197E39DE50}.Ad-Hoc|Any CPU.ActiveCfg = Debug|x86
		{301BCE3A-F5D9-4FAA-8E82-F1197E39DE50}.Ad-Hoc|Any CPU.Build.0 = Debug|x86
		{301BCE3A-F5D9-4FAA-8E82-F1197E39DE50}.Ad-Hoc|Any CPU.Deploy.0 = Debug|x86
		{301BCE3A-F5D9-4FAA-8E82-F1197E39DE50}.Ad-Hoc|ARM.ActiveCfg = Debug|ARM
		{301BCE3A-F5D9-4FAA-8E82-F1197E39DE50}.Ad-Hoc|ARM.Build.0 = Debug|ARM
		{301BCE3A-F5D9-4FAA-8E82-F1197E39DE50}.Ad-Hoc|ARM.Deploy.0 = Debug|ARM
		{301BCE3A-F5D9-4FAA-8E82-F1197E39DE50}.Ad-Hoc|ARM64.ActiveCfg = Debug|ARM64
		{301BCE3A-F5D9-4FAA-8E82-F1197E39DE50}.Ad-Hoc|ARM64.Build.0 = Debug|ARM64
		{301BCE3A-F5D9-4FAA-8E82-F1197E39DE50}.Ad-Hoc|ARM64.Deploy.0 = Debug|ARM64
		{301BCE3A-F5D9-4FAA-8E82-F1197E39DE50}.Ad-Hoc|iPhone.ActiveCfg = Debug|x86
		{301BCE3A-F5D9-4FAA-8E82-F1197E39DE50}.Ad-Hoc|iPhone.Build.0 = Debug|x86
		{301BCE3A-F5D9-4FAA-8E82-F1197E39DE50}.Ad-Hoc|iPhone.Deploy.0 = Debug|x86
		{301BCE3A-F5D9-4FAA-8E82-F1197E39DE50}.Ad-Hoc|iPhoneSimulator.ActiveCfg = Debug|x86
		{301BCE3A-F5D9-4FAA-8E82-F1197E39DE50}.Ad-Hoc|iPhoneSimulator.Build.0 = Debug|x86
		{301BCE3A-F5D9-4FAA-8E82-F1197E39DE50}.Ad-Hoc|iPhoneSimulator.Deploy.0 = Debug|x86
		{301BCE3A-F5D9-4FAA-8E82-F1197E39DE50}.Ad-Hoc|x64.ActiveCfg = Debug|x64
		{301BCE3A-F5D9-4FAA-8E82-F1197E39DE50}.Ad-Hoc|x64.Build.0 = Debug|x64
		{301BCE3A-F5D9-4FAA-8E82-F1197E39DE50}.Ad-Hoc|x64.Deploy.0 = Debug|x64
		{301BCE3A-F5D9-4FAA-8E82-F1197E39DE50}.Ad-Hoc|x86.ActiveCfg = Debug|x86
		{301BCE3A-F5D9-4FAA-8E82-F1197E39DE50}.Ad-Hoc|x86.Build.0 = Debug|x86
		{301BCE3A-F5D9-4FAA-8E82-F1197E39DE50}.Ad-Hoc|x86.Deploy.0 = Debug|x86
		{301BCE3A-F5D9-4FAA-8E82-F1197E39DE50}.AppStore|Any CPU.ActiveCfg = Debug|x86
		{301BCE3A-F5D9-4FAA-8E82-F1197E39DE50}.AppStore|Any CPU.Build.0 = Debug|x86
		{301BCE3A-F5D9-4FAA-8E82-F1197E39DE50}.AppStore|Any CPU.Deploy.0 = Debug|x86
		{301BCE3A-F5D9-4FAA-8E82-F1197E39DE50}.AppStore|ARM.ActiveCfg = Debug|ARM
		{301BCE3A-F5D9-4FAA-8E82-F1197E39DE50}.AppStore|ARM.Build.0 = Debug|ARM
		{301BCE3A-F5D9-4FAA-8E82-F1197E39DE50}.AppStore|ARM.Deploy.0 = Debug|ARM
		{301BCE3A-F5D9-4FAA-8E82-F1197E39DE50}.AppStore|ARM64.ActiveCfg = Debug|ARM64
		{301BCE3A-F5D9-4FAA-8E82-F1197E39DE50}.AppStore|ARM64.Build.0 = Debug|ARM64
		{301BCE3A-F5D9-4FAA-8E82-F1197E39DE50}.AppStore|ARM64.Deploy.0 = Debug|ARM64
		{301BCE3A-F5D9-4FAA-8E82-F1197E39DE50}.AppStore|iPhone.ActiveCfg = Debug|x86
		{301BCE3A-F5D9-4FAA-8E82-F1197E39DE50}.AppStore|iPhone.Build.0 = Debug|x86
		{301BCE3A-F5D9-4FAA-8E82-F1197E39DE50}.AppStore|iPhone.Deploy.0 = Debug|x86
		{301BCE3A-F5D9-4FAA-8E82-F1197E39DE50}.AppStore|iPhoneSimulator.ActiveCfg = Debug|x86
		{301BCE3A-F5D9-4FAA-8E82-F1197E39DE50}.AppStore|iPhoneSimulator.Build.0 = Debug|x86
		{301BCE3A-F5D9-4FAA-8E82-F1197E39DE50}.AppStore|iPhoneSimulator.Deploy.0 = Debug|x86
		{301BCE3A-F5D9-4FAA-8E82-F1197E39DE50}.AppStore|x64.ActiveCfg = Debug|x64
		{301BCE3A-F5D9-4FAA-8E82-F1197E39DE50}.AppStore|x64.Build.0 = Debug|x64
		{301BCE3A-F5D9-4FAA-8E82-F1197E39DE50}.AppStore|x64.Deploy.0 = Debug|x64
		{301BCE3A-F5D9-4FAA-8E82-F1197E39DE50}.AppStore|x86.ActiveCfg = Debug|x86
		{301BCE3A-F5D9-4FAA-8E82-F1197E39DE50}.AppStore|x86.Build.0 = Debug|x86
		{301BCE3A-F5D9-4FAA-8E82-F1197E39DE50}.AppStore|x86.Deploy.0 = Debug|x86
		{301BCE3A-F5D9-4FAA-8E82-F1197E39DE50}.Debug|Any CPU.ActiveCfg = Debug|x86
		{301BCE3A-F5D9-4FAA-8E82-F1197E39DE50}.Debug|Any CPU.Build.0 = Debug|x86
		{301BCE3A-F5D9-4FAA-8E82-F1197E39DE50}.Debug|Any CPU.Deploy.0 = Debug|x86
		{301BCE3A-F5D9-4FAA-8E82-F1197E39DE50}.Debug|ARM.ActiveCfg = Debug|ARM
		{301BCE3A-F5D9-4FAA-8E82-F1197E39DE50}.Debug|ARM.Build.0 = Debug|ARM
		{301BCE3A-F5D9-4FAA-8E82-F1197E39DE50}.Debug|ARM.Deploy.0 = Debug|ARM
		{301BCE3A-F5D9-4FAA-8E82-F1197E39DE50}.Debug|ARM64.ActiveCfg = Debug|ARM64
		{301BCE3A-F5D9-4FAA-8E82-F1197E39DE50}.Debug|ARM64.Build.0 = Debug|ARM64
		{301BCE3A-F5D9-4FAA-8E82-F1197E39DE50}.Debug|ARM64.Deploy.0 = Debug|ARM64
		{301BCE3A-F5D9-4FAA-8E82-F1197E39DE50}.Debug|iPhone.ActiveCfg = Debug|x86
		{301BCE3A-F5D9-4FAA-8E82-F1197E39DE50}.Debug|iPhoneSimulator.ActiveCfg = Debug|x86
		{301BCE3A-F5D9-4FAA-8E82-F1197E39DE50}.Debug|x64.ActiveCfg = Debug|x64
		{301BCE3A-F5D9-4FAA-8E82-F1197E39DE50}.Debug|x64.Build.0 = Debug|x64
		{301BCE3A-F5D9-4FAA-8E82-F1197E39DE50}.Debug|x64.Deploy.0 = Debug|x64
		{301BCE3A-F5D9-4FAA-8E82-F1197E39DE50}.Debug|x86.ActiveCfg = Debug|x86
		{301BCE3A-F5D9-4FAA-8E82-F1197E39DE50}.Debug|x86.Build.0 = Debug|x86
		{301BCE3A-F5D9-4FAA-8E82-F1197E39DE50}.Debug|x86.Deploy.0 = Debug|x86
		{301BCE3A-F5D9-4FAA-8E82-F1197E39DE50}.Release|Any CPU.ActiveCfg = Release|x86
		{301BCE3A-F5D9-4FAA-8E82-F1197E39DE50}.Release|ARM.ActiveCfg = Release|ARM
		{301BCE3A-F5D9-4FAA-8E82-F1197E39DE50}.Release|ARM.Build.0 = Release|ARM
		{301BCE3A-F5D9-4FAA-8E82-F1197E39DE50}.Release|ARM.Deploy.0 = Release|ARM
		{301BCE3A-F5D9-4FAA-8E82-F1197E39DE50}.Release|ARM64.ActiveCfg = Release|ARM64
		{301BCE3A-F5D9-4FAA-8E82-F1197E39DE50}.Release|ARM64.Build.0 = Release|ARM64
		{301BCE3A-F5D9-4FAA-8E82-F1197E39DE50}.Release|ARM64.Deploy.0 = Release|ARM64
		{301BCE3A-F5D9-4FAA-8E82-F1197E39DE50}.Release|iPhone.ActiveCfg = Release|x86
		{301BCE3A-F5D9-4FAA-8E82-F1197E39DE50}.Release|iPhoneSimulator.ActiveCfg = Release|x86
		{301BCE3A-F5D9-4FAA-8E82-F1197E39DE50}.Release|x64.ActiveCfg = Release|x64
		{301BCE3A-F5D9-4FAA-8E82-F1197E39DE50}.Release|x64.Build.0 = Release|x64
		{301BCE3A-F5D9-4FAA-8E82-F1197E39DE50}.Release|x64.Deploy.0 = Release|x64
		{301BCE3A-F5D9-4FAA-8E82-F1197E39DE50}.Release|x86.ActiveCfg = Release|x86
		{301BCE3A-F5D9-4FAA-8E82-F1197E39DE50}.Release|x86.Build.0 = Release|x86
		{301BCE3A-F5D9-4FAA-8E82-F1197E39DE50}.Release|x86.Deploy.0 = Release|x86
		{A6334105-7AB0-49C8-BAAA-1B272F465998}.Ad-Hoc|Any CPU.ActiveCfg = Debug|Any CPU
		{A6334105-7AB0-49C8-BAAA-1B272F465998}.Ad-Hoc|Any CPU.Build.0 = Debug|Any CPU
		{A6334105-7AB0-49C8-BAAA-1B272F465998}.Ad-Hoc|ARM.ActiveCfg = Debug|Any CPU
		{A6334105-7AB0-49C8-BAAA-1B272F465998}.Ad-Hoc|ARM.Build.0 = Debug|Any CPU
		{A6334105-7AB0-49C8-BAAA-1B272F465998}.Ad-Hoc|ARM64.ActiveCfg = Debug|Any CPU
		{A6334105-7AB0-49C8-BAAA-1B272F465998}.Ad-Hoc|ARM64.Build.0 = Debug|Any CPU
		{A6334105-7AB0-49C8-BAAA-1B272F465998}.Ad-Hoc|iPhone.ActiveCfg = Debug|Any CPU
		{A6334105-7AB0-49C8-BAAA-1B272F465998}.Ad-Hoc|iPhone.Build.0 = Debug|Any CPU
		{A6334105-7AB0-49C8-BAAA-1B272F465998}.Ad-Hoc|iPhoneSimulator.ActiveCfg = Debug|Any CPU
		{A6334105-7AB0-49C8-BAAA-1B272F465998}.Ad-Hoc|iPhoneSimulator.Build.0 = Debug|Any CPU
		{A6334105-7AB0-49C8-BAAA-1B272F465998}.Ad-Hoc|x64.ActiveCfg = Debug|Any CPU
		{A6334105-7AB0-49C8-BAAA-1B272F465998}.Ad-Hoc|x64.Build.0 = Debug|Any CPU
		{A6334105-7AB0-49C8-BAAA-1B272F465998}.Ad-Hoc|x86.ActiveCfg = Debug|Any CPU
		{A6334105-7AB0-49C8-BAAA-1B272F465998}.Ad-Hoc|x86.Build.0 = Debug|Any CPU
		{A6334105-7AB0-49C8-BAAA-1B272F465998}.AppStore|Any CPU.ActiveCfg = Debug|Any CPU
		{A6334105-7AB0-49C8-BAAA-1B272F465998}.AppStore|Any CPU.Build.0 = Debug|Any CPU
		{A6334105-7AB0-49C8-BAAA-1B272F465998}.AppStore|ARM.ActiveCfg = Debug|Any CPU
		{A6334105-7AB0-49C8-BAAA-1B272F465998}.AppStore|ARM.Build.0 = Debug|Any CPU
		{A6334105-7AB0-49C8-BAAA-1B272F465998}.AppStore|ARM64.ActiveCfg = Debug|Any CPU
		{A6334105-7AB0-49C8-BAAA-1B272F465998}.AppStore|ARM64.Build.0 = Debug|Any CPU
		{A6334105-7AB0-49C8-BAAA-1B272F465998}.AppStore|iPhone.ActiveCfg = Debug|Any CPU
		{A6334105-7AB0-49C8-BAAA-1B272F465998}.AppStore|iPhone.Build.0 = Debug|Any CPU
		{A6334105-7AB0-49C8-BAAA-1B272F465998}.AppStore|iPhoneSimulator.ActiveCfg = Debug|Any CPU
		{A6334105-7AB0-49C8-BAAA-1B272F465998}.AppStore|iPhoneSimulator.Build.0 = Debug|Any CPU
		{A6334105-7AB0-49C8-BAAA-1B272F465998}.AppStore|x64.ActiveCfg = Debug|Any CPU
		{A6334105-7AB0-49C8-BAAA-1B272F465998}.AppStore|x64.Build.0 = Debug|Any CPU
		{A6334105-7AB0-49C8-BAAA-1B272F465998}.AppStore|x86.ActiveCfg = Debug|Any CPU
		{A6334105-7AB0-49C8-BAAA-1B272F465998}.AppStore|x86.Build.0 = Debug|Any CPU
		{A6334105-7AB0-49C8-BAAA-1B272F465998}.Debug|Any CPU.ActiveCfg = Debug|Any CPU
		{A6334105-7AB0-49C8-BAAA-1B272F465998}.Debug|Any CPU.Build.0 = Debug|Any CPU
		{A6334105-7AB0-49C8-BAAA-1B272F465998}.Debug|ARM.ActiveCfg = Debug|Any CPU
		{A6334105-7AB0-49C8-BAAA-1B272F465998}.Debug|ARM.Build.0 = Debug|Any CPU
		{A6334105-7AB0-49C8-BAAA-1B272F465998}.Debug|ARM64.ActiveCfg = Debug|Any CPU
		{A6334105-7AB0-49C8-BAAA-1B272F465998}.Debug|ARM64.Build.0 = Debug|Any CPU
		{A6334105-7AB0-49C8-BAAA-1B272F465998}.Debug|iPhone.ActiveCfg = Debug|Any CPU
		{A6334105-7AB0-49C8-BAAA-1B272F465998}.Debug|iPhone.Build.0 = Debug|Any CPU
		{A6334105-7AB0-49C8-BAAA-1B272F465998}.Debug|iPhoneSimulator.ActiveCfg = Debug|Any CPU
		{A6334105-7AB0-49C8-BAAA-1B272F465998}.Debug|iPhoneSimulator.Build.0 = Debug|Any CPU
		{A6334105-7AB0-49C8-BAAA-1B272F465998}.Debug|x64.ActiveCfg = Debug|Any CPU
		{A6334105-7AB0-49C8-BAAA-1B272F465998}.Debug|x64.Build.0 = Debug|Any CPU
		{A6334105-7AB0-49C8-BAAA-1B272F465998}.Debug|x86.ActiveCfg = Debug|Any CPU
		{A6334105-7AB0-49C8-BAAA-1B272F465998}.Release|Any CPU.ActiveCfg = Release|Any CPU
		{A6334105-7AB0-49C8-BAAA-1B272F465998}.Release|Any CPU.Build.0 = Release|Any CPU
		{A6334105-7AB0-49C8-BAAA-1B272F465998}.Release|ARM.ActiveCfg = Release|Any CPU
		{A6334105-7AB0-49C8-BAAA-1B272F465998}.Release|ARM.Build.0 = Release|Any CPU
		{A6334105-7AB0-49C8-BAAA-1B272F465998}.Release|ARM64.ActiveCfg = Release|Any CPU
		{A6334105-7AB0-49C8-BAAA-1B272F465998}.Release|ARM64.Build.0 = Release|Any CPU
		{A6334105-7AB0-49C8-BAAA-1B272F465998}.Release|iPhone.ActiveCfg = Release|Any CPU
		{A6334105-7AB0-49C8-BAAA-1B272F465998}.Release|iPhone.Build.0 = Release|Any CPU
		{A6334105-7AB0-49C8-BAAA-1B272F465998}.Release|iPhoneSimulator.ActiveCfg = Release|Any CPU
		{A6334105-7AB0-49C8-BAAA-1B272F465998}.Release|iPhoneSimulator.Build.0 = Release|Any CPU
		{A6334105-7AB0-49C8-BAAA-1B272F465998}.Release|x64.ActiveCfg = Release|Any CPU
		{A6334105-7AB0-49C8-BAAA-1B272F465998}.Release|x64.Build.0 = Release|Any CPU
		{A6334105-7AB0-49C8-BAAA-1B272F465998}.Release|x86.ActiveCfg = Release|Any CPU
		{A6334105-7AB0-49C8-BAAA-1B272F465998}.Release|x86.Build.0 = Release|Any CPU
		{0A5540FA-AA9A-4ED1-BFD0-F21FB7D4D8F0}.Ad-Hoc|Any CPU.ActiveCfg = Debug|iPhoneSimulator
		{0A5540FA-AA9A-4ED1-BFD0-F21FB7D4D8F0}.Ad-Hoc|Any CPU.Build.0 = Debug|iPhoneSimulator
		{0A5540FA-AA9A-4ED1-BFD0-F21FB7D4D8F0}.Ad-Hoc|ARM.ActiveCfg = Debug|iPhoneSimulator
		{0A5540FA-AA9A-4ED1-BFD0-F21FB7D4D8F0}.Ad-Hoc|ARM.Build.0 = Debug|iPhoneSimulator
		{0A5540FA-AA9A-4ED1-BFD0-F21FB7D4D8F0}.Ad-Hoc|ARM64.ActiveCfg = Debug|iPhoneSimulator
		{0A5540FA-AA9A-4ED1-BFD0-F21FB7D4D8F0}.Ad-Hoc|ARM64.Build.0 = Debug|iPhoneSimulator
		{0A5540FA-AA9A-4ED1-BFD0-F21FB7D4D8F0}.Ad-Hoc|iPhone.ActiveCfg = Debug|iPhoneSimulator
		{0A5540FA-AA9A-4ED1-BFD0-F21FB7D4D8F0}.Ad-Hoc|iPhone.Build.0 = Debug|iPhoneSimulator
		{0A5540FA-AA9A-4ED1-BFD0-F21FB7D4D8F0}.Ad-Hoc|iPhoneSimulator.ActiveCfg = Debug|iPhoneSimulator
		{0A5540FA-AA9A-4ED1-BFD0-F21FB7D4D8F0}.Ad-Hoc|iPhoneSimulator.Build.0 = Debug|iPhoneSimulator
		{0A5540FA-AA9A-4ED1-BFD0-F21FB7D4D8F0}.Ad-Hoc|x64.ActiveCfg = Debug|iPhoneSimulator
		{0A5540FA-AA9A-4ED1-BFD0-F21FB7D4D8F0}.Ad-Hoc|x64.Build.0 = Debug|iPhoneSimulator
		{0A5540FA-AA9A-4ED1-BFD0-F21FB7D4D8F0}.Ad-Hoc|x86.ActiveCfg = Debug|iPhoneSimulator
		{0A5540FA-AA9A-4ED1-BFD0-F21FB7D4D8F0}.Ad-Hoc|x86.Build.0 = Debug|iPhoneSimulator
		{0A5540FA-AA9A-4ED1-BFD0-F21FB7D4D8F0}.AppStore|Any CPU.ActiveCfg = Debug|iPhoneSimulator
		{0A5540FA-AA9A-4ED1-BFD0-F21FB7D4D8F0}.AppStore|Any CPU.Build.0 = Debug|iPhoneSimulator
		{0A5540FA-AA9A-4ED1-BFD0-F21FB7D4D8F0}.AppStore|ARM.ActiveCfg = Debug|iPhoneSimulator
		{0A5540FA-AA9A-4ED1-BFD0-F21FB7D4D8F0}.AppStore|ARM.Build.0 = Debug|iPhoneSimulator
		{0A5540FA-AA9A-4ED1-BFD0-F21FB7D4D8F0}.AppStore|ARM64.ActiveCfg = Debug|iPhoneSimulator
		{0A5540FA-AA9A-4ED1-BFD0-F21FB7D4D8F0}.AppStore|ARM64.Build.0 = Debug|iPhoneSimulator
		{0A5540FA-AA9A-4ED1-BFD0-F21FB7D4D8F0}.AppStore|iPhone.ActiveCfg = Debug|iPhoneSimulator
		{0A5540FA-AA9A-4ED1-BFD0-F21FB7D4D8F0}.AppStore|iPhone.Build.0 = Debug|iPhoneSimulator
		{0A5540FA-AA9A-4ED1-BFD0-F21FB7D4D8F0}.AppStore|iPhoneSimulator.ActiveCfg = Debug|iPhoneSimulator
		{0A5540FA-AA9A-4ED1-BFD0-F21FB7D4D8F0}.AppStore|iPhoneSimulator.Build.0 = Debug|iPhoneSimulator
		{0A5540FA-AA9A-4ED1-BFD0-F21FB7D4D8F0}.AppStore|x64.ActiveCfg = Debug|iPhoneSimulator
		{0A5540FA-AA9A-4ED1-BFD0-F21FB7D4D8F0}.AppStore|x64.Build.0 = Debug|iPhoneSimulator
		{0A5540FA-AA9A-4ED1-BFD0-F21FB7D4D8F0}.AppStore|x86.ActiveCfg = Debug|iPhoneSimulator
		{0A5540FA-AA9A-4ED1-BFD0-F21FB7D4D8F0}.AppStore|x86.Build.0 = Debug|iPhoneSimulator
		{0A5540FA-AA9A-4ED1-BFD0-F21FB7D4D8F0}.Debug|Any CPU.ActiveCfg = Debug|iPhoneSimulator
		{0A5540FA-AA9A-4ED1-BFD0-F21FB7D4D8F0}.Debug|ARM.ActiveCfg = Debug|iPhoneSimulator
		{0A5540FA-AA9A-4ED1-BFD0-F21FB7D4D8F0}.Debug|ARM64.ActiveCfg = Debug|iPhoneSimulator
		{0A5540FA-AA9A-4ED1-BFD0-F21FB7D4D8F0}.Debug|iPhone.ActiveCfg = Debug|iPhoneSimulator
		{0A5540FA-AA9A-4ED1-BFD0-F21FB7D4D8F0}.Debug|iPhoneSimulator.ActiveCfg = Debug|iPhoneSimulator
		{0A5540FA-AA9A-4ED1-BFD0-F21FB7D4D8F0}.Debug|iPhoneSimulator.Build.0 = Debug|iPhoneSimulator
		{0A5540FA-AA9A-4ED1-BFD0-F21FB7D4D8F0}.Debug|x64.ActiveCfg = Debug|iPhoneSimulator
		{0A5540FA-AA9A-4ED1-BFD0-F21FB7D4D8F0}.Debug|x86.ActiveCfg = Debug|iPhoneSimulator
		{0A5540FA-AA9A-4ED1-BFD0-F21FB7D4D8F0}.Release|Any CPU.ActiveCfg = Release|iPhoneSimulator
		{0A5540FA-AA9A-4ED1-BFD0-F21FB7D4D8F0}.Release|ARM.ActiveCfg = Release|iPhoneSimulator
		{0A5540FA-AA9A-4ED1-BFD0-F21FB7D4D8F0}.Release|ARM64.ActiveCfg = Release|iPhoneSimulator
		{0A5540FA-AA9A-4ED1-BFD0-F21FB7D4D8F0}.Release|iPhone.ActiveCfg = Release|iPhoneSimulator
		{0A5540FA-AA9A-4ED1-BFD0-F21FB7D4D8F0}.Release|iPhoneSimulator.ActiveCfg = Release|iPhoneSimulator
		{0A5540FA-AA9A-4ED1-BFD0-F21FB7D4D8F0}.Release|iPhoneSimulator.Build.0 = Release|iPhoneSimulator
		{0A5540FA-AA9A-4ED1-BFD0-F21FB7D4D8F0}.Release|x64.ActiveCfg = Release|iPhoneSimulator
		{0A5540FA-AA9A-4ED1-BFD0-F21FB7D4D8F0}.Release|x86.ActiveCfg = Release|iPhoneSimulator
		{A44279F0-7CAB-499C-A7C0-C68FD9310058}.Ad-Hoc|Any CPU.ActiveCfg = Debug|Any CPU
		{A44279F0-7CAB-499C-A7C0-C68FD9310058}.Ad-Hoc|Any CPU.Build.0 = Debug|Any CPU
		{A44279F0-7CAB-499C-A7C0-C68FD9310058}.Ad-Hoc|ARM.ActiveCfg = Debug|Any CPU
		{A44279F0-7CAB-499C-A7C0-C68FD9310058}.Ad-Hoc|ARM.Build.0 = Debug|Any CPU
		{A44279F0-7CAB-499C-A7C0-C68FD9310058}.Ad-Hoc|ARM64.ActiveCfg = Debug|Any CPU
		{A44279F0-7CAB-499C-A7C0-C68FD9310058}.Ad-Hoc|ARM64.Build.0 = Debug|Any CPU
		{A44279F0-7CAB-499C-A7C0-C68FD9310058}.Ad-Hoc|iPhone.ActiveCfg = Debug|Any CPU
		{A44279F0-7CAB-499C-A7C0-C68FD9310058}.Ad-Hoc|iPhone.Build.0 = Debug|Any CPU
		{A44279F0-7CAB-499C-A7C0-C68FD9310058}.Ad-Hoc|iPhoneSimulator.ActiveCfg = Debug|Any CPU
		{A44279F0-7CAB-499C-A7C0-C68FD9310058}.Ad-Hoc|iPhoneSimulator.Build.0 = Debug|Any CPU
		{A44279F0-7CAB-499C-A7C0-C68FD9310058}.Ad-Hoc|x64.ActiveCfg = Debug|Any CPU
		{A44279F0-7CAB-499C-A7C0-C68FD9310058}.Ad-Hoc|x64.Build.0 = Debug|Any CPU
		{A44279F0-7CAB-499C-A7C0-C68FD9310058}.Ad-Hoc|x86.ActiveCfg = Debug|Any CPU
		{A44279F0-7CAB-499C-A7C0-C68FD9310058}.Ad-Hoc|x86.Build.0 = Debug|Any CPU
		{A44279F0-7CAB-499C-A7C0-C68FD9310058}.AppStore|Any CPU.ActiveCfg = Debug|Any CPU
		{A44279F0-7CAB-499C-A7C0-C68FD9310058}.AppStore|Any CPU.Build.0 = Debug|Any CPU
		{A44279F0-7CAB-499C-A7C0-C68FD9310058}.AppStore|ARM.ActiveCfg = Debug|Any CPU
		{A44279F0-7CAB-499C-A7C0-C68FD9310058}.AppStore|ARM.Build.0 = Debug|Any CPU
		{A44279F0-7CAB-499C-A7C0-C68FD9310058}.AppStore|ARM64.ActiveCfg = Debug|Any CPU
		{A44279F0-7CAB-499C-A7C0-C68FD9310058}.AppStore|ARM64.Build.0 = Debug|Any CPU
		{A44279F0-7CAB-499C-A7C0-C68FD9310058}.AppStore|iPhone.ActiveCfg = Debug|Any CPU
		{A44279F0-7CAB-499C-A7C0-C68FD9310058}.AppStore|iPhone.Build.0 = Debug|Any CPU
		{A44279F0-7CAB-499C-A7C0-C68FD9310058}.AppStore|iPhoneSimulator.ActiveCfg = Debug|Any CPU
		{A44279F0-7CAB-499C-A7C0-C68FD9310058}.AppStore|iPhoneSimulator.Build.0 = Debug|Any CPU
		{A44279F0-7CAB-499C-A7C0-C68FD9310058}.AppStore|x64.ActiveCfg = Debug|Any CPU
		{A44279F0-7CAB-499C-A7C0-C68FD9310058}.AppStore|x64.Build.0 = Debug|Any CPU
		{A44279F0-7CAB-499C-A7C0-C68FD9310058}.AppStore|x86.ActiveCfg = Debug|Any CPU
		{A44279F0-7CAB-499C-A7C0-C68FD9310058}.AppStore|x86.Build.0 = Debug|Any CPU
		{A44279F0-7CAB-499C-A7C0-C68FD9310058}.Debug|Any CPU.ActiveCfg = Debug|Any CPU
		{A44279F0-7CAB-499C-A7C0-C68FD9310058}.Debug|Any CPU.Build.0 = Debug|Any CPU
		{A44279F0-7CAB-499C-A7C0-C68FD9310058}.Debug|ARM.ActiveCfg = Debug|Any CPU
		{A44279F0-7CAB-499C-A7C0-C68FD9310058}.Debug|ARM.Build.0 = Debug|Any CPU
		{A44279F0-7CAB-499C-A7C0-C68FD9310058}.Debug|ARM64.ActiveCfg = Debug|Any CPU
		{A44279F0-7CAB-499C-A7C0-C68FD9310058}.Debug|ARM64.Build.0 = Debug|Any CPU
		{A44279F0-7CAB-499C-A7C0-C68FD9310058}.Debug|iPhone.ActiveCfg = Debug|Any CPU
		{A44279F0-7CAB-499C-A7C0-C68FD9310058}.Debug|iPhone.Build.0 = Debug|Any CPU
		{A44279F0-7CAB-499C-A7C0-C68FD9310058}.Debug|iPhoneSimulator.ActiveCfg = Debug|Any CPU
		{A44279F0-7CAB-499C-A7C0-C68FD9310058}.Debug|iPhoneSimulator.Build.0 = Debug|Any CPU
		{A44279F0-7CAB-499C-A7C0-C68FD9310058}.Debug|x64.ActiveCfg = Debug|Any CPU
		{A44279F0-7CAB-499C-A7C0-C68FD9310058}.Debug|x64.Build.0 = Debug|Any CPU
		{A44279F0-7CAB-499C-A7C0-C68FD9310058}.Debug|x86.ActiveCfg = Debug|Any CPU
		{A44279F0-7CAB-499C-A7C0-C68FD9310058}.Release|Any CPU.ActiveCfg = Release|Any CPU
		{A44279F0-7CAB-499C-A7C0-C68FD9310058}.Release|Any CPU.Build.0 = Release|Any CPU
		{A44279F0-7CAB-499C-A7C0-C68FD9310058}.Release|ARM.ActiveCfg = Release|Any CPU
		{A44279F0-7CAB-499C-A7C0-C68FD9310058}.Release|ARM.Build.0 = Release|Any CPU
		{A44279F0-7CAB-499C-A7C0-C68FD9310058}.Release|ARM64.ActiveCfg = Release|Any CPU
		{A44279F0-7CAB-499C-A7C0-C68FD9310058}.Release|ARM64.Build.0 = Release|Any CPU
		{A44279F0-7CAB-499C-A7C0-C68FD9310058}.Release|iPhone.ActiveCfg = Release|Any CPU
		{A44279F0-7CAB-499C-A7C0-C68FD9310058}.Release|iPhone.Build.0 = Release|Any CPU
		{A44279F0-7CAB-499C-A7C0-C68FD9310058}.Release|iPhoneSimulator.ActiveCfg = Release|Any CPU
		{A44279F0-7CAB-499C-A7C0-C68FD9310058}.Release|iPhoneSimulator.Build.0 = Release|Any CPU
		{A44279F0-7CAB-499C-A7C0-C68FD9310058}.Release|x64.ActiveCfg = Release|Any CPU
		{A44279F0-7CAB-499C-A7C0-C68FD9310058}.Release|x64.Build.0 = Release|Any CPU
		{A44279F0-7CAB-499C-A7C0-C68FD9310058}.Release|x86.ActiveCfg = Release|Any CPU
		{A44279F0-7CAB-499C-A7C0-C68FD9310058}.Release|x86.Build.0 = Release|Any CPU
		{492E5F5D-CFC7-4913-8FAC-AE95F8FC24F0}.Ad-Hoc|Any CPU.ActiveCfg = Debug|Any CPU
		{492E5F5D-CFC7-4913-8FAC-AE95F8FC24F0}.Ad-Hoc|Any CPU.Build.0 = Debug|Any CPU
		{492E5F5D-CFC7-4913-8FAC-AE95F8FC24F0}.Ad-Hoc|ARM.ActiveCfg = Debug|Any CPU
		{492E5F5D-CFC7-4913-8FAC-AE95F8FC24F0}.Ad-Hoc|ARM.Build.0 = Debug|Any CPU
		{492E5F5D-CFC7-4913-8FAC-AE95F8FC24F0}.Ad-Hoc|ARM64.ActiveCfg = Debug|Any CPU
		{492E5F5D-CFC7-4913-8FAC-AE95F8FC24F0}.Ad-Hoc|ARM64.Build.0 = Debug|Any CPU
		{492E5F5D-CFC7-4913-8FAC-AE95F8FC24F0}.Ad-Hoc|iPhone.ActiveCfg = Debug|Any CPU
		{492E5F5D-CFC7-4913-8FAC-AE95F8FC24F0}.Ad-Hoc|iPhone.Build.0 = Debug|Any CPU
		{492E5F5D-CFC7-4913-8FAC-AE95F8FC24F0}.Ad-Hoc|iPhoneSimulator.ActiveCfg = Debug|Any CPU
		{492E5F5D-CFC7-4913-8FAC-AE95F8FC24F0}.Ad-Hoc|iPhoneSimulator.Build.0 = Debug|Any CPU
		{492E5F5D-CFC7-4913-8FAC-AE95F8FC24F0}.Ad-Hoc|x64.ActiveCfg = Debug|Any CPU
		{492E5F5D-CFC7-4913-8FAC-AE95F8FC24F0}.Ad-Hoc|x64.Build.0 = Debug|Any CPU
		{492E5F5D-CFC7-4913-8FAC-AE95F8FC24F0}.Ad-Hoc|x86.ActiveCfg = Debug|Any CPU
		{492E5F5D-CFC7-4913-8FAC-AE95F8FC24F0}.Ad-Hoc|x86.Build.0 = Debug|Any CPU
		{492E5F5D-CFC7-4913-8FAC-AE95F8FC24F0}.AppStore|Any CPU.ActiveCfg = Debug|Any CPU
		{492E5F5D-CFC7-4913-8FAC-AE95F8FC24F0}.AppStore|Any CPU.Build.0 = Debug|Any CPU
		{492E5F5D-CFC7-4913-8FAC-AE95F8FC24F0}.AppStore|ARM.ActiveCfg = Debug|Any CPU
		{492E5F5D-CFC7-4913-8FAC-AE95F8FC24F0}.AppStore|ARM.Build.0 = Debug|Any CPU
		{492E5F5D-CFC7-4913-8FAC-AE95F8FC24F0}.AppStore|ARM64.ActiveCfg = Debug|Any CPU
		{492E5F5D-CFC7-4913-8FAC-AE95F8FC24F0}.AppStore|ARM64.Build.0 = Debug|Any CPU
		{492E5F5D-CFC7-4913-8FAC-AE95F8FC24F0}.AppStore|iPhone.ActiveCfg = Debug|Any CPU
		{492E5F5D-CFC7-4913-8FAC-AE95F8FC24F0}.AppStore|iPhone.Build.0 = Debug|Any CPU
		{492E5F5D-CFC7-4913-8FAC-AE95F8FC24F0}.AppStore|iPhoneSimulator.ActiveCfg = Debug|Any CPU
		{492E5F5D-CFC7-4913-8FAC-AE95F8FC24F0}.AppStore|iPhoneSimulator.Build.0 = Debug|Any CPU
		{492E5F5D-CFC7-4913-8FAC-AE95F8FC24F0}.AppStore|x64.ActiveCfg = Debug|Any CPU
		{492E5F5D-CFC7-4913-8FAC-AE95F8FC24F0}.AppStore|x64.Build.0 = Debug|Any CPU
		{492E5F5D-CFC7-4913-8FAC-AE95F8FC24F0}.AppStore|x86.ActiveCfg = Debug|Any CPU
		{492E5F5D-CFC7-4913-8FAC-AE95F8FC24F0}.AppStore|x86.Build.0 = Debug|Any CPU
		{492E5F5D-CFC7-4913-8FAC-AE95F8FC24F0}.Debug|Any CPU.ActiveCfg = Debug|Any CPU
		{492E5F5D-CFC7-4913-8FAC-AE95F8FC24F0}.Debug|Any CPU.Build.0 = Debug|Any CPU
		{492E5F5D-CFC7-4913-8FAC-AE95F8FC24F0}.Debug|ARM.ActiveCfg = Debug|Any CPU
		{492E5F5D-CFC7-4913-8FAC-AE95F8FC24F0}.Debug|ARM.Build.0 = Debug|Any CPU
		{492E5F5D-CFC7-4913-8FAC-AE95F8FC24F0}.Debug|ARM64.ActiveCfg = Debug|Any CPU
		{492E5F5D-CFC7-4913-8FAC-AE95F8FC24F0}.Debug|ARM64.Build.0 = Debug|Any CPU
		{492E5F5D-CFC7-4913-8FAC-AE95F8FC24F0}.Debug|iPhone.ActiveCfg = Debug|Any CPU
		{492E5F5D-CFC7-4913-8FAC-AE95F8FC24F0}.Debug|iPhone.Build.0 = Debug|Any CPU
		{492E5F5D-CFC7-4913-8FAC-AE95F8FC24F0}.Debug|iPhoneSimulator.ActiveCfg = Debug|Any CPU
		{492E5F5D-CFC7-4913-8FAC-AE95F8FC24F0}.Debug|iPhoneSimulator.Build.0 = Debug|Any CPU
		{492E5F5D-CFC7-4913-8FAC-AE95F8FC24F0}.Debug|x64.ActiveCfg = Debug|Any CPU
		{492E5F5D-CFC7-4913-8FAC-AE95F8FC24F0}.Debug|x64.Build.0 = Debug|Any CPU
		{492E5F5D-CFC7-4913-8FAC-AE95F8FC24F0}.Debug|x86.ActiveCfg = Debug|Any CPU
		{492E5F5D-CFC7-4913-8FAC-AE95F8FC24F0}.Release|Any CPU.ActiveCfg = Release|Any CPU
		{492E5F5D-CFC7-4913-8FAC-AE95F8FC24F0}.Release|Any CPU.Build.0 = Release|Any CPU
		{492E5F5D-CFC7-4913-8FAC-AE95F8FC24F0}.Release|ARM.ActiveCfg = Release|Any CPU
		{492E5F5D-CFC7-4913-8FAC-AE95F8FC24F0}.Release|ARM.Build.0 = Release|Any CPU
		{492E5F5D-CFC7-4913-8FAC-AE95F8FC24F0}.Release|ARM64.ActiveCfg = Release|Any CPU
		{492E5F5D-CFC7-4913-8FAC-AE95F8FC24F0}.Release|ARM64.Build.0 = Release|Any CPU
		{492E5F5D-CFC7-4913-8FAC-AE95F8FC24F0}.Release|iPhone.ActiveCfg = Release|Any CPU
		{492E5F5D-CFC7-4913-8FAC-AE95F8FC24F0}.Release|iPhone.Build.0 = Release|Any CPU
		{492E5F5D-CFC7-4913-8FAC-AE95F8FC24F0}.Release|iPhoneSimulator.ActiveCfg = Release|Any CPU
		{492E5F5D-CFC7-4913-8FAC-AE95F8FC24F0}.Release|iPhoneSimulator.Build.0 = Release|Any CPU
		{492E5F5D-CFC7-4913-8FAC-AE95F8FC24F0}.Release|x64.ActiveCfg = Release|Any CPU
		{492E5F5D-CFC7-4913-8FAC-AE95F8FC24F0}.Release|x64.Build.0 = Release|Any CPU
		{492E5F5D-CFC7-4913-8FAC-AE95F8FC24F0}.Release|x86.ActiveCfg = Release|Any CPU
		{492E5F5D-CFC7-4913-8FAC-AE95F8FC24F0}.Release|x86.Build.0 = Release|Any CPU
		{490A1307-7221-4C0C-92B3-4F0FBA928143}.Ad-Hoc|Any CPU.ActiveCfg = Debug|Any CPU
		{490A1307-7221-4C0C-92B3-4F0FBA928143}.Ad-Hoc|Any CPU.Build.0 = Debug|Any CPU
		{490A1307-7221-4C0C-92B3-4F0FBA928143}.Ad-Hoc|ARM.ActiveCfg = Debug|Any CPU
		{490A1307-7221-4C0C-92B3-4F0FBA928143}.Ad-Hoc|ARM.Build.0 = Debug|Any CPU
		{490A1307-7221-4C0C-92B3-4F0FBA928143}.Ad-Hoc|ARM64.ActiveCfg = Debug|Any CPU
		{490A1307-7221-4C0C-92B3-4F0FBA928143}.Ad-Hoc|ARM64.Build.0 = Debug|Any CPU
		{490A1307-7221-4C0C-92B3-4F0FBA928143}.Ad-Hoc|iPhone.ActiveCfg = Debug|Any CPU
		{490A1307-7221-4C0C-92B3-4F0FBA928143}.Ad-Hoc|iPhone.Build.0 = Debug|Any CPU
		{490A1307-7221-4C0C-92B3-4F0FBA928143}.Ad-Hoc|iPhoneSimulator.ActiveCfg = Debug|Any CPU
		{490A1307-7221-4C0C-92B3-4F0FBA928143}.Ad-Hoc|iPhoneSimulator.Build.0 = Debug|Any CPU
		{490A1307-7221-4C0C-92B3-4F0FBA928143}.Ad-Hoc|x64.ActiveCfg = Debug|Any CPU
		{490A1307-7221-4C0C-92B3-4F0FBA928143}.Ad-Hoc|x64.Build.0 = Debug|Any CPU
		{490A1307-7221-4C0C-92B3-4F0FBA928143}.Ad-Hoc|x86.ActiveCfg = Debug|Any CPU
		{490A1307-7221-4C0C-92B3-4F0FBA928143}.Ad-Hoc|x86.Build.0 = Debug|Any CPU
		{490A1307-7221-4C0C-92B3-4F0FBA928143}.AppStore|Any CPU.ActiveCfg = Debug|Any CPU
		{490A1307-7221-4C0C-92B3-4F0FBA928143}.AppStore|Any CPU.Build.0 = Debug|Any CPU
		{490A1307-7221-4C0C-92B3-4F0FBA928143}.AppStore|ARM.ActiveCfg = Debug|Any CPU
		{490A1307-7221-4C0C-92B3-4F0FBA928143}.AppStore|ARM.Build.0 = Debug|Any CPU
		{490A1307-7221-4C0C-92B3-4F0FBA928143}.AppStore|ARM64.ActiveCfg = Debug|Any CPU
		{490A1307-7221-4C0C-92B3-4F0FBA928143}.AppStore|ARM64.Build.0 = Debug|Any CPU
		{490A1307-7221-4C0C-92B3-4F0FBA928143}.AppStore|iPhone.ActiveCfg = Debug|Any CPU
		{490A1307-7221-4C0C-92B3-4F0FBA928143}.AppStore|iPhone.Build.0 = Debug|Any CPU
		{490A1307-7221-4C0C-92B3-4F0FBA928143}.AppStore|iPhoneSimulator.ActiveCfg = Debug|Any CPU
		{490A1307-7221-4C0C-92B3-4F0FBA928143}.AppStore|iPhoneSimulator.Build.0 = Debug|Any CPU
		{490A1307-7221-4C0C-92B3-4F0FBA928143}.AppStore|x64.ActiveCfg = Debug|Any CPU
		{490A1307-7221-4C0C-92B3-4F0FBA928143}.AppStore|x64.Build.0 = Debug|Any CPU
		{490A1307-7221-4C0C-92B3-4F0FBA928143}.AppStore|x86.ActiveCfg = Debug|Any CPU
		{490A1307-7221-4C0C-92B3-4F0FBA928143}.AppStore|x86.Build.0 = Debug|Any CPU
		{490A1307-7221-4C0C-92B3-4F0FBA928143}.Debug|Any CPU.ActiveCfg = Debug|Any CPU
		{490A1307-7221-4C0C-92B3-4F0FBA928143}.Debug|Any CPU.Build.0 = Debug|Any CPU
		{490A1307-7221-4C0C-92B3-4F0FBA928143}.Debug|ARM.ActiveCfg = Debug|Any CPU
		{490A1307-7221-4C0C-92B3-4F0FBA928143}.Debug|ARM.Build.0 = Debug|Any CPU
		{490A1307-7221-4C0C-92B3-4F0FBA928143}.Debug|ARM64.ActiveCfg = Debug|Any CPU
		{490A1307-7221-4C0C-92B3-4F0FBA928143}.Debug|ARM64.Build.0 = Debug|Any CPU
		{490A1307-7221-4C0C-92B3-4F0FBA928143}.Debug|iPhone.ActiveCfg = Debug|Any CPU
		{490A1307-7221-4C0C-92B3-4F0FBA928143}.Debug|iPhone.Build.0 = Debug|Any CPU
		{490A1307-7221-4C0C-92B3-4F0FBA928143}.Debug|iPhoneSimulator.ActiveCfg = Debug|Any CPU
		{490A1307-7221-4C0C-92B3-4F0FBA928143}.Debug|iPhoneSimulator.Build.0 = Debug|Any CPU
		{490A1307-7221-4C0C-92B3-4F0FBA928143}.Debug|x64.ActiveCfg = Debug|Any CPU
		{490A1307-7221-4C0C-92B3-4F0FBA928143}.Debug|x64.Build.0 = Debug|Any CPU
		{490A1307-7221-4C0C-92B3-4F0FBA928143}.Debug|x86.ActiveCfg = Debug|Any CPU
		{490A1307-7221-4C0C-92B3-4F0FBA928143}.Release|Any CPU.ActiveCfg = Release|Any CPU
		{490A1307-7221-4C0C-92B3-4F0FBA928143}.Release|Any CPU.Build.0 = Release|Any CPU
		{490A1307-7221-4C0C-92B3-4F0FBA928143}.Release|ARM.ActiveCfg = Release|Any CPU
		{490A1307-7221-4C0C-92B3-4F0FBA928143}.Release|ARM.Build.0 = Release|Any CPU
		{490A1307-7221-4C0C-92B3-4F0FBA928143}.Release|ARM64.ActiveCfg = Release|Any CPU
		{490A1307-7221-4C0C-92B3-4F0FBA928143}.Release|ARM64.Build.0 = Release|Any CPU
		{490A1307-7221-4C0C-92B3-4F0FBA928143}.Release|iPhone.ActiveCfg = Release|Any CPU
		{490A1307-7221-4C0C-92B3-4F0FBA928143}.Release|iPhone.Build.0 = Release|Any CPU
		{490A1307-7221-4C0C-92B3-4F0FBA928143}.Release|iPhoneSimulator.ActiveCfg = Release|Any CPU
		{490A1307-7221-4C0C-92B3-4F0FBA928143}.Release|iPhoneSimulator.Build.0 = Release|Any CPU
		{490A1307-7221-4C0C-92B3-4F0FBA928143}.Release|x64.ActiveCfg = Release|Any CPU
		{490A1307-7221-4C0C-92B3-4F0FBA928143}.Release|x64.Build.0 = Release|Any CPU
		{490A1307-7221-4C0C-92B3-4F0FBA928143}.Release|x86.ActiveCfg = Release|Any CPU
		{490A1307-7221-4C0C-92B3-4F0FBA928143}.Release|x86.Build.0 = Release|Any CPU
		{FB330C22-7DD8-4AA9-B96F-A50FCC46630D}.Ad-Hoc|Any CPU.ActiveCfg = Debug|Any CPU
		{FB330C22-7DD8-4AA9-B96F-A50FCC46630D}.Ad-Hoc|Any CPU.Build.0 = Debug|Any CPU
		{FB330C22-7DD8-4AA9-B96F-A50FCC46630D}.Ad-Hoc|ARM.ActiveCfg = Debug|Any CPU
		{FB330C22-7DD8-4AA9-B96F-A50FCC46630D}.Ad-Hoc|ARM.Build.0 = Debug|Any CPU
		{FB330C22-7DD8-4AA9-B96F-A50FCC46630D}.Ad-Hoc|ARM64.ActiveCfg = Debug|Any CPU
		{FB330C22-7DD8-4AA9-B96F-A50FCC46630D}.Ad-Hoc|ARM64.Build.0 = Debug|Any CPU
		{FB330C22-7DD8-4AA9-B96F-A50FCC46630D}.Ad-Hoc|iPhone.ActiveCfg = Debug|Any CPU
		{FB330C22-7DD8-4AA9-B96F-A50FCC46630D}.Ad-Hoc|iPhone.Build.0 = Debug|Any CPU
		{FB330C22-7DD8-4AA9-B96F-A50FCC46630D}.Ad-Hoc|iPhoneSimulator.ActiveCfg = Debug|Any CPU
		{FB330C22-7DD8-4AA9-B96F-A50FCC46630D}.Ad-Hoc|iPhoneSimulator.Build.0 = Debug|Any CPU
		{FB330C22-7DD8-4AA9-B96F-A50FCC46630D}.Ad-Hoc|x64.ActiveCfg = Debug|Any CPU
		{FB330C22-7DD8-4AA9-B96F-A50FCC46630D}.Ad-Hoc|x64.Build.0 = Debug|Any CPU
		{FB330C22-7DD8-4AA9-B96F-A50FCC46630D}.Ad-Hoc|x86.ActiveCfg = Debug|Any CPU
		{FB330C22-7DD8-4AA9-B96F-A50FCC46630D}.Ad-Hoc|x86.Build.0 = Debug|Any CPU
		{FB330C22-7DD8-4AA9-B96F-A50FCC46630D}.AppStore|Any CPU.ActiveCfg = Debug|Any CPU
		{FB330C22-7DD8-4AA9-B96F-A50FCC46630D}.AppStore|Any CPU.Build.0 = Debug|Any CPU
		{FB330C22-7DD8-4AA9-B96F-A50FCC46630D}.AppStore|ARM.ActiveCfg = Debug|Any CPU
		{FB330C22-7DD8-4AA9-B96F-A50FCC46630D}.AppStore|ARM.Build.0 = Debug|Any CPU
		{FB330C22-7DD8-4AA9-B96F-A50FCC46630D}.AppStore|ARM64.ActiveCfg = Debug|Any CPU
		{FB330C22-7DD8-4AA9-B96F-A50FCC46630D}.AppStore|ARM64.Build.0 = Debug|Any CPU
		{FB330C22-7DD8-4AA9-B96F-A50FCC46630D}.AppStore|iPhone.ActiveCfg = Debug|Any CPU
		{FB330C22-7DD8-4AA9-B96F-A50FCC46630D}.AppStore|iPhone.Build.0 = Debug|Any CPU
		{FB330C22-7DD8-4AA9-B96F-A50FCC46630D}.AppStore|iPhoneSimulator.ActiveCfg = Debug|Any CPU
		{FB330C22-7DD8-4AA9-B96F-A50FCC46630D}.AppStore|iPhoneSimulator.Build.0 = Debug|Any CPU
		{FB330C22-7DD8-4AA9-B96F-A50FCC46630D}.AppStore|x64.ActiveCfg = Debug|Any CPU
		{FB330C22-7DD8-4AA9-B96F-A50FCC46630D}.AppStore|x64.Build.0 = Debug|Any CPU
		{FB330C22-7DD8-4AA9-B96F-A50FCC46630D}.AppStore|x86.ActiveCfg = Debug|Any CPU
		{FB330C22-7DD8-4AA9-B96F-A50FCC46630D}.AppStore|x86.Build.0 = Debug|Any CPU
		{FB330C22-7DD8-4AA9-B96F-A50FCC46630D}.Debug|Any CPU.ActiveCfg = Debug|Any CPU
		{FB330C22-7DD8-4AA9-B96F-A50FCC46630D}.Debug|Any CPU.Build.0 = Debug|Any CPU
		{FB330C22-7DD8-4AA9-B96F-A50FCC46630D}.Debug|ARM.ActiveCfg = Debug|Any CPU
		{FB330C22-7DD8-4AA9-B96F-A50FCC46630D}.Debug|ARM.Build.0 = Debug|Any CPU
		{FB330C22-7DD8-4AA9-B96F-A50FCC46630D}.Debug|ARM64.ActiveCfg = Debug|Any CPU
		{FB330C22-7DD8-4AA9-B96F-A50FCC46630D}.Debug|ARM64.Build.0 = Debug|Any CPU
		{FB330C22-7DD8-4AA9-B96F-A50FCC46630D}.Debug|iPhone.ActiveCfg = Debug|Any CPU
		{FB330C22-7DD8-4AA9-B96F-A50FCC46630D}.Debug|iPhone.Build.0 = Debug|Any CPU
		{FB330C22-7DD8-4AA9-B96F-A50FCC46630D}.Debug|iPhoneSimulator.ActiveCfg = Debug|Any CPU
		{FB330C22-7DD8-4AA9-B96F-A50FCC46630D}.Debug|iPhoneSimulator.Build.0 = Debug|Any CPU
		{FB330C22-7DD8-4AA9-B96F-A50FCC46630D}.Debug|x64.ActiveCfg = Debug|Any CPU
		{FB330C22-7DD8-4AA9-B96F-A50FCC46630D}.Debug|x64.Build.0 = Debug|Any CPU
		{FB330C22-7DD8-4AA9-B96F-A50FCC46630D}.Debug|x86.ActiveCfg = Debug|Any CPU
		{FB330C22-7DD8-4AA9-B96F-A50FCC46630D}.Release|Any CPU.ActiveCfg = Release|Any CPU
		{FB330C22-7DD8-4AA9-B96F-A50FCC46630D}.Release|Any CPU.Build.0 = Release|Any CPU
		{FB330C22-7DD8-4AA9-B96F-A50FCC46630D}.Release|ARM.ActiveCfg = Release|Any CPU
		{FB330C22-7DD8-4AA9-B96F-A50FCC46630D}.Release|ARM.Build.0 = Release|Any CPU
		{FB330C22-7DD8-4AA9-B96F-A50FCC46630D}.Release|ARM64.ActiveCfg = Release|Any CPU
		{FB330C22-7DD8-4AA9-B96F-A50FCC46630D}.Release|ARM64.Build.0 = Release|Any CPU
		{FB330C22-7DD8-4AA9-B96F-A50FCC46630D}.Release|iPhone.ActiveCfg = Release|Any CPU
		{FB330C22-7DD8-4AA9-B96F-A50FCC46630D}.Release|iPhone.Build.0 = Release|Any CPU
		{FB330C22-7DD8-4AA9-B96F-A50FCC46630D}.Release|iPhoneSimulator.ActiveCfg = Release|Any CPU
		{FB330C22-7DD8-4AA9-B96F-A50FCC46630D}.Release|iPhoneSimulator.Build.0 = Release|Any CPU
		{FB330C22-7DD8-4AA9-B96F-A50FCC46630D}.Release|x64.ActiveCfg = Release|Any CPU
		{FB330C22-7DD8-4AA9-B96F-A50FCC46630D}.Release|x64.Build.0 = Release|Any CPU
		{FB330C22-7DD8-4AA9-B96F-A50FCC46630D}.Release|x86.ActiveCfg = Release|Any CPU
		{FB330C22-7DD8-4AA9-B96F-A50FCC46630D}.Release|x86.Build.0 = Release|Any CPU
	EndGlobalSection
	GlobalSection(SolutionProperties) = preSolution
		HideSolutionNode = FALSE
	EndGlobalSection
	GlobalSection(NestedProjects) = preSolution
		{236A22E9-4091-461B-A441-4AC21F065A77} = {038735EC-93DF-4DA5-8331-1C446C6D16F5}
		{C5C42801-354E-4E27-8242-3F7680D13958} = {038735EC-93DF-4DA5-8331-1C446C6D16F5}
		{301BCE3A-F5D9-4FAA-8E82-F1197E39DE50} = {038735EC-93DF-4DA5-8331-1C446C6D16F5}
		{A6334105-7AB0-49C8-BAAA-1B272F465998} = {038735EC-93DF-4DA5-8331-1C446C6D16F5}
		{0A5540FA-AA9A-4ED1-BFD0-F21FB7D4D8F0} = {038735EC-93DF-4DA5-8331-1C446C6D16F5}
		{A44279F0-7CAB-499C-A7C0-C68FD9310058} = {038735EC-93DF-4DA5-8331-1C446C6D16F5}
		{492E5F5D-CFC7-4913-8FAC-AE95F8FC24F0} = {038735EC-93DF-4DA5-8331-1C446C6D16F5}
		{490A1307-7221-4C0C-92B3-4F0FBA928143} = {038735EC-93DF-4DA5-8331-1C446C6D16F5}
		{FB330C22-7DD8-4AA9-B96F-A50FCC46630D} = {038735EC-93DF-4DA5-8331-1C446C6D16F5}
	EndGlobalSection
	GlobalSection(ExtensibilityGlobals) = postSolution
		SolutionGuid = {85007100-6079-41D9-A8C3-EF4AB6687906}
	EndGlobalSection
EndGlobal
